
Microsoft Visual Studio Solution File, Format Version 12.00
# Visual Studio Version 16
VisualStudioVersion = 16.0.32002.261
MinimumVisualStudioVersion = 10.0.40219.1
Project("{FAE04EC0-301F-11D3-BF4B-00C04F79EFBC}") = "ListarDiretorios", "ListarDiretorios\ListarDiretorios.csproj", "{36864A4B-6D41-46FB-9D70-D8B46B75960B}"
EndProject
Global
	GlobalSection(SolutionConfigurationPlatforms) = preSolution
		Debug|Any CPU = Debug|Any CPU
		Release|Any CPU = Release|Any CPU
	EndGlobalSection
	GlobalSection(ProjectConfigurationPlatforms) = postSolution
		{36864A4B-6D41-46FB-9D70-D8B46B75960B}.Debug|Any CPU.ActiveCfg = Debug|Any CPU
		{36864A4B-6D41-46FB-9D70-D8B46B75960B}.Debug|Any CPU.Build.0 = Debug|Any CPU
		{36864A4B-6D41-46FB-9D70-D8B46B75960B}.Release|Any CPU.ActiveCfg = Release|Any CPU
		{36864A4B-6D41-46FB-9D70-D8B46B75960B}.Release|Any CPU.Build.0 = Release|Any CPU
	EndGlobalSection
	GlobalSection(SolutionProperties) = preSolution
		HideSolutionNode = FALSE
	EndGlobalSection
	GlobalSection(ExtensibilityGlobals) = postSolution
		SolutionGuid = {D7FB30D8-C29A-4CD6-8599-6DE35E15BF35}
	EndGlobalSection
EndGlobal
