
Microsoft Visual Studio Solution File, Format Version 12.00
# Visual Studio Version 16
VisualStudioVersion = 16.0.32002.261
MinimumVisualStudioVersion = 10.0.40219.1
Project("{FAE04EC0-301F-11D3-BF4B-00C04F79EFBC}") = "PedroBentoEOMundoDeOZ", "PedroBentoEOMundoDeOZ\PedroBentoEOMundoDeOZ.csproj", "{DDF1444C-BF13-4FD7-9CDD-7EBF1D157D9C}"
EndProject
Global
	GlobalSection(SolutionConfigurationPlatforms) = preSolution
		Debug|Any CPU = Debug|Any CPU
		Release|Any CPU = Release|Any CPU
	EndGlobalSection
	GlobalSection(ProjectConfigurationPlatforms) = postSolution
		{DDF1444C-BF13-4FD7-9CDD-7EBF1D157D9C}.Debug|Any CPU.ActiveCfg = Debug|Any CPU
		{DDF1444C-BF13-4FD7-9CDD-7EBF1D157D9C}.Debug|Any CPU.Build.0 = Debug|Any CPU
		{DDF1444C-BF13-4FD7-9CDD-7EBF1D157D9C}.Release|Any CPU.ActiveCfg = Release|Any CPU
		{DDF1444C-BF13-4FD7-9CDD-7EBF1D157D9C}.Release|Any CPU.Build.0 = Release|Any CPU
	EndGlobalSection
	GlobalSection(SolutionProperties) = preSolution
		HideSolutionNode = FALSE
	EndGlobalSection
	GlobalSection(ExtensibilityGlobals) = postSolution
		SolutionGuid = {38725A34-F949-40CE-B750-C350AD02D6D2}
	EndGlobalSection
EndGlobal
