
Microsoft Visual Studio Solution File, Format Version 12.00
# Visual Studio Version 16
VisualStudioVersion = 16.0.31911.196
MinimumVisualStudioVersion = 10.0.40219.1
Project("{FAE04EC0-301F-11D3-BF4B-00C04F79EFBC}") = "VaiTerCopa", "VaiTerCopa\VaiTerCopa.csproj", "{06FFA327-9A54-432F-8678-1F16C0A23DDB}"
EndProject
Global
	GlobalSection(SolutionConfigurationPlatforms) = preSolution
		Debug|Any CPU = Debug|Any CPU
		Release|Any CPU = Release|Any CPU
	EndGlobalSection
	GlobalSection(ProjectConfigurationPlatforms) = postSolution
		{06FFA327-9A54-432F-8678-1F16C0A23DDB}.Debug|Any CPU.ActiveCfg = Debug|Any CPU
		{06FFA327-9A54-432F-8678-1F16C0A23DDB}.Debug|Any CPU.Build.0 = Debug|Any CPU
		{06FFA327-9A54-432F-8678-1F16C0A23DDB}.Release|Any CPU.ActiveCfg = Release|Any CPU
		{06FFA327-9A54-432F-8678-1F16C0A23DDB}.Release|Any CPU.Build.0 = Release|Any CPU
	EndGlobalSection
	GlobalSection(SolutionProperties) = preSolution
		HideSolutionNode = FALSE
	EndGlobalSection
	GlobalSection(ExtensibilityGlobals) = postSolution
		SolutionGuid = {BB634873-9C0F-4AA6-8B49-0354D8A3EDB8}
	EndGlobalSection
EndGlobal
