
Microsoft Visual Studio Solution File, Format Version 12.00
# Visual Studio Version 16
VisualStudioVersion = 16.0.31911.196
MinimumVisualStudioVersion = 10.0.40219.1
Project("{FAE04EC0-301F-11D3-BF4B-00C04F79EFBC}") = "Sequencia-IJ-2", "Sequencia-IJ-2\Sequencia-IJ-2.csproj", "{D0F1FBFD-B535-4577-A48E-187D0984F2BD}"
EndProject
Global
	GlobalSection(SolutionConfigurationPlatforms) = preSolution
		Debug|Any CPU = Debug|Any CPU
		Release|Any CPU = Release|Any CPU
	EndGlobalSection
	GlobalSection(ProjectConfigurationPlatforms) = postSolution
		{D0F1FBFD-B535-4577-A48E-187D0984F2BD}.Debug|Any CPU.ActiveCfg = Debug|Any CPU
		{D0F1FBFD-B535-4577-A48E-187D0984F2BD}.Debug|Any CPU.Build.0 = Debug|Any CPU
		{D0F1FBFD-B535-4577-A48E-187D0984F2BD}.Release|Any CPU.ActiveCfg = Release|Any CPU
		{D0F1FBFD-B535-4577-A48E-187D0984F2BD}.Release|Any CPU.Build.0 = Release|Any CPU
	EndGlobalSection
	GlobalSection(SolutionProperties) = preSolution
		HideSolutionNode = FALSE
	EndGlobalSection
	GlobalSection(ExtensibilityGlobals) = postSolution
		SolutionGuid = {AEA92B95-5096-4E6C-B728-33D00E49BFDB}
	EndGlobalSection
EndGlobal
