
Microsoft Visual Studio Solution File, Format Version 12.00
# Visual Studio Version 16
VisualStudioVersion = 16.0.32002.261
MinimumVisualStudioVersion = 10.0.40219.1
Project("{FAE04EC0-301F-11D3-BF4B-00C04F79EFBC}") = "Xenlonguinho", "Xenlonguinho\Xenlonguinho.csproj", "{84B1001A-04BD-4ACA-87E6-2BD4A3333FA0}"
EndProject
Global
	GlobalSection(SolutionConfigurationPlatforms) = preSolution
		Debug|Any CPU = Debug|Any CPU
		Release|Any CPU = Release|Any CPU
	EndGlobalSection
	GlobalSection(ProjectConfigurationPlatforms) = postSolution
		{84B1001A-04BD-4ACA-87E6-2BD4A3333FA0}.Debug|Any CPU.ActiveCfg = Debug|Any CPU
		{84B1001A-04BD-4ACA-87E6-2BD4A3333FA0}.Debug|Any CPU.Build.0 = Debug|Any CPU
		{84B1001A-04BD-4ACA-87E6-2BD4A3333FA0}.Release|Any CPU.ActiveCfg = Release|Any CPU
		{84B1001A-04BD-4ACA-87E6-2BD4A3333FA0}.Release|Any CPU.Build.0 = Release|Any CPU
	EndGlobalSection
	GlobalSection(SolutionProperties) = preSolution
		HideSolutionNode = FALSE
	EndGlobalSection
	GlobalSection(ExtensibilityGlobals) = postSolution
		SolutionGuid = {5B880E27-4912-42ED-B1CC-3C1A45D0B0AB}
	EndGlobalSection
EndGlobal
